<?xml version="1.0" encoding="utf-8"?>
<Project ToolsVersion="4.0" xmlns="http://schemas.microsoft.com/developer/msbuild/2003">
  <ItemGroup>
    <Filter Include="source">
      <UniqueIdentifier>{4FC737F1-C7A5-4376-A066-2A32D752A2FF}</UniqueIdentifier>
      <Extensions>cpp;c;cc;cxx;c++;cppm;ixx;def;odl;idl;hpj;bat;asm;asmx</Extensions>
    </Filter>
    <Filter Include="source\process">
      <UniqueIdentifier>{f5b0e940-b904-4858-ae37-970848200086}</UniqueIdentifier>
    </Filter>
    <Filter Include="source\mouse">
      <UniqueIdentifier>{6650ffca-e27d-409c-9038-3a2d0258e3ca}</UniqueIdentifier>
    </Filter>
  </ItemGroup>
  <ItemGroup>
    <ClCompile Include="process.cpp">
      <Filter>source\process</Filter>
    </ClCompile>
    <ClCompile Include="mouse.cpp">
      <Filter>source\mouse</Filter>
    </ClCompile>
    <ClCompile Include="MemMacro.cpp">
      <Filter>source</Filter>
    </ClCompile>
  </ItemGroup>
  <ItemGroup>
    <ClInclude Include="process.h">
      <Filter>source\process</Filter>
    </ClInclude>
    <ClInclude Include="mouse.h">
      <Filter>source\mouse</Filter>
    </ClInclude>
  </ItemGroup>
</Project>